flatbuffers==25.12.19 --hash=sha256:7634f50c427838bb021c2d66a3d1168e9d199b0607e6329399f04846d42e20b4
numpy==2.5.3 --hash=sha256:b7e18c623bb5c95acb3b3328861272816ba199fb531921c5d6d0b675f1fde9e3
onnxruntime==1.29.0 --hash=sha256:2b80d8c7ec2cc7438e4da3760b88c24568cba72c9ace96d668800a6c79419acb
packaging==26.3 --hash=sha256:d7193f7c8e4e93f444fde0262bf90af30e16fa0ad0ad44cb553c87339b23cd1c
piexif==1.1.3 --hash=sha256:3bc435d171720150b81b15d27e05e54b8abbde7b4242cddd81ef160d283108b6
pillow==12.3.0 --hash=sha256:78cb2c6865a35ab8ff8b75fd122f6033b92a62c82801110e48ddd6c936a45d91
protobuf==7.36.1 --hash=sha256:97198b77e369a0abd8e262b8f6c7266c55ddb796a3a12c76d7b8881188ed83aa
psutil==7.2.2 --hash=sha256:076a2d2f923fd4821644f5ba89f059523da90dc9014e85f8e45a5774ca5bc6f9
pyqt6==6.11.0 --hash=sha256:8555277989fa7d114cb3c3443fd261d566909f7268ceedd41d93a5f02d37ec05
pyqt6-qt6==6.11.2 --hash=sha256:da7d747ad917f044d841ff834f17d2c50a0cc5d0e3b16479d8662544207d0567
pyqt6-sip==13.12.0 --hash=sha256:3476132fc5c85d7136eb14cb7d9e1909e9f5ee94a85d892e4ac244990ba541b3
send2trash==2.1.0 --hash=sha256:0da2f112e6d6bb22de6aa6daa7e144831a4febf2a87261451c4ad849fe9a873c
